{
  "name": "javascript-cheatsheet",
  "version": "1.0.0",
  "lockfileVersion": 1,
  "requires": true,
  "dependencies": {
    "mini.css": {
      "version": "3.0.1",
      "resolved": "https://registry.npmjs.org/mini.css/-/mini.css-3.0.1.tgz",
      "integrity": "sha512-FmuuBL0wuyDO1UA66TkAo8w2RxxuHmNPaUqUHcYlHtM9CJkrscQaNAJ/ParEahYFwtZOSgfEA7flbMoSPkzrPA=="
    }
  }
}
